<?xml version="1.0" encoding="UTF-8"?>
<Scheme
   version = "1.3">
   <BuildAction>
      <BuildActionEntries>
         <BuildActionEntry
            buildForRunning = "YES">
            <BuildableReference
               BuildableIdentifier = "primary"
               BlueprintIdentifier = "1A9A0C187504A985949C71D8"
               BuildableName = "BGUtilityLibrary.app"
               BlueprintName = "BGUtilityLibrary"
               ReferencedContainer = "container:BGUtilityLibrary.xcodeproj">
            </BuildableReference>
         </BuildActionEntry>
      </BuildActionEntries>
   </BuildAction>
   <LaunchAction
      useCustomWorkingDirectory = "NO"
      buildConfiguration = "Debug">
      <BuildableProductRunnable>
         <BuildableReference
            BuildableIdentifier = "primary"
            BlueprintIdentifier = "1A9A0C187504A985949C71D8"
            BuildableName = "BGUtilityLibrary.app"
            BlueprintName = "BGUtilityLibrary"
            ReferencedContainer = "container:BGUtilityLibrary.xcodeproj">
         </BuildableReference>
      </BuildableProductRunnable>
   </LaunchAction>
</Scheme>
